
Microsoft Visual Studio Solution File, Format Version 12.00
Project("{FAE04EC0-301F-11D3-BF4B-00C04F79EFBC}") = "Optima", "Optima.csproj", "{31637DA2-388B-4246-AF4E-50E333388526}"
EndProject
Global
	GlobalSection(SolutionConfigurationPlatforms) = preSolution
		Debug|Any CPU = Debug|Any CPU
		Release|Any CPU = Release|Any CPU
	EndGlobalSection
	GlobalSection(ProjectConfigurationPlatforms) = postSolution
		{31637DA2-388B-4246-AF4E-50E333388526}.Debug|Any CPU.ActiveCfg = Debug|Any CPU
		{31637DA2-388B-4246-AF4E-50E333388526}.Debug|Any CPU.Build.0 = Debug|Any CPU
		{31637DA2-388B-4246-AF4E-50E333388526}.Release|Any CPU.ActiveCfg = Release|Any CPU
		{31637DA2-388B-4246-AF4E-50E333388526}.Release|Any CPU.Build.0 = Release|Any CPU
	EndGlobalSection
EndGlobal
